
Microsoft Visual Studio Solution File, Format Version 12.00
# Visual Studio 15
VisualStudioVersion = 15.0.27004.2002
MinimumVisualStudioVersion = 10.0.40219.1
Project("{FAE04EC0-301F-11D3-BF4B-00C04F79EFBC}") = "TestAsuDll", "TestAsuDll\TestAsuDll.csproj", "{3ADC6045-1D93-4964-9A2A-3DA57BB5962E}"
EndProject
Project("{FAE04EC0-301F-11D3-BF4B-00C04F79EFBC}") = "AsuDll", "AsuDll\AsuDll.csproj", "{5F66C87A-4303-49FA-A378-52E768729497}"
EndProject
Global
	GlobalSection(SolutionConfigurationPlatforms) = preSolution
		Debug|Any CPU = Debug|Any CPU
		Debug|x86 = Debug|x86
		Release|Any CPU = Release|Any CPU
		Release|x86 = Release|x86
	EndGlobalSection
	GlobalSection(ProjectConfigurationPlatforms) = postSolution
		{3ADC6045-1D93-4964-9A2A-3DA57BB5962E}.Debug|Any CPU.ActiveCfg = Debug|Any CPU
		{3ADC6045-1D93-4964-9A2A-3DA57BB5962E}.Debug|Any CPU.Build.0 = Debug|Any CPU
		{3ADC6045-1D93-4964-9A2A-3DA57BB5962E}.Debug|x86.ActiveCfg = Debug|x86
		{3ADC6045-1D93-4964-9A2A-3DA57BB5962E}.Debug|x86.Build.0 = Debug|x86
		{3ADC6045-1D93-4964-9A2A-3DA57BB5962E}.Release|Any CPU.ActiveCfg = Release|Any CPU
		{3ADC6045-1D93-4964-9A2A-3DA57BB5962E}.Release|Any CPU.Build.0 = Release|Any CPU
		{3ADC6045-1D93-4964-9A2A-3DA57BB5962E}.Release|x86.ActiveCfg = Release|Any CPU
		{3ADC6045-1D93-4964-9A2A-3DA57BB5962E}.Release|x86.Build.0 = Release|Any CPU
		{5F66C87A-4303-49FA-A378-52E768729497}.Debug|Any CPU.ActiveCfg = Debug|Any CPU
		{5F66C87A-4303-49FA-A378-52E768729497}.Debug|Any CPU.Build.0 = Debug|Any CPU
		{5F66C87A-4303-49FA-A378-52E768729497}.Debug|x86.ActiveCfg = Debug|Any CPU
		{5F66C87A-4303-49FA-A378-52E768729497}.Debug|x86.Build.0 = Debug|Any CPU
		{5F66C87A-4303-49FA-A378-52E768729497}.Release|Any CPU.ActiveCfg = Release|Any CPU
		{5F66C87A-4303-49FA-A378-52E768729497}.Release|Any CPU.Build.0 = Release|Any CPU
		{5F66C87A-4303-49FA-A378-52E768729497}.Release|x86.ActiveCfg = Release|Any CPU
		{5F66C87A-4303-49FA-A378-52E768729497}.Release|x86.Build.0 = Release|Any CPU
	EndGlobalSection
	GlobalSection(SolutionProperties) = preSolution
		HideSolutionNode = FALSE
	EndGlobalSection
	GlobalSection(ExtensibilityGlobals) = postSolution
		SolutionGuid = {A722BFE5-915B-41C7-A834-32A6E6B06498}
	EndGlobalSection
EndGlobal
